
Microsoft Visual Studio Solution File, Format Version 12.00
# Visual Studio 15
VisualStudioVersion = 15.0.28307.136
MinimumVisualStudioVersion = 10.0.40219.1
Project("{FAE04EC0-301F-11D3-BF4B-00C04F79EFBC}") = "PasswordBreaker", "PasswordBreaker\PasswordBreaker.csproj", "{14FD2261-65B7-4F41-87DE-3CFED8F2D57F}"
EndProject
Global
	GlobalSection(SolutionConfigurationPlatforms) = preSolution
		Debug|Any CPU = Debug|Any CPU
		Release|Any CPU = Release|Any CPU
	EndGlobalSection
	GlobalSection(ProjectConfigurationPlatforms) = postSolution
		{14FD2261-65B7-4F41-87DE-3CFED8F2D57F}.Debug|Any CPU.ActiveCfg = Debug|Any CPU
		{14FD2261-65B7-4F41-87DE-3CFED8F2D57F}.Debug|Any CPU.Build.0 = Debug|Any CPU
		{14FD2261-65B7-4F41-87DE-3CFED8F2D57F}.Release|Any CPU.ActiveCfg = Release|Any CPU
		{14FD2261-65B7-4F41-87DE-3CFED8F2D57F}.Release|Any CPU.Build.0 = Release|Any CPU
	EndGlobalSection
	GlobalSection(SolutionProperties) = preSolution
		HideSolutionNode = FALSE
	EndGlobalSection
	GlobalSection(ExtensibilityGlobals) = postSolution
		SolutionGuid = {FB639C0B-0547-46DD-8E77-69CE029B5A07}
	EndGlobalSection
EndGlobal
